{
  "requires": true,
  "lockfileVersion": 1,
  "dependencies": {
    "@urql/core": {
      "version": "3.1.1",
      "resolved": "https://registry.npmjs.org/@urql/core/-/core-3.1.1.tgz",
      "integrity": "sha512-Mnxtq4I4QeFJsgs7Iytw+HyhiGxISR6qtyk66c9tipozLZ6QVxrCiUPF2HY4BxNIabaxcp+rivadvm8NAnXj4Q==",
      "requires": {
        "wonka": "^6.1.2"
      }
    },
    "urql": {
      "version": "3.0.3",
      "resolved": "https://registry.npmjs.org/urql/-/urql-3.0.3.tgz",
      "integrity": "sha512-aVUAMRLdc5AOk239DxgXt6ZxTl/fEmjr7oyU5OGo8uvpqu42FkeJErzd2qBzhAQ3DyusoZIbqbBLPlnKo/yy2A==",
      "requires": {
        "@urql/core": "^3.0.3",
        "wonka": "^6.0.0"
      }
    },
    "wonka": {
      "version": "6.2.3",
      "resolved": "https://registry.npmjs.org/wonka/-/wonka-6.2.3.tgz",
      "integrity": "sha512-EFOYiqDeYLXSzGYt2X3aVe9Hq1XJG+Hz/HjTRRT4dZE9q95khHl5+7pzUSXI19dbMO1/2UMrTf7JT7/7JrSQSQ=="
    }
  }
}
